Microsoft Visual Studio Solution File, Format Version 12.00
# Visual Studio Express 2013 for Windows Desktop
Project("{8BC9CEB8-8B4A-11D0-8D11-00A0C91BC942}") = "ALL_BUILD", "ALL_BUILD.vcxproj", "{FE65EFAA-BF24-48F3-8719-BC1A46BA02EB}"
	ProjectSection(ProjectDependencies) = postProject
		{9396A824-2AA4-42DB-9C4A-F5D932909897} = {9396A824-2AA4-42DB-9C4A-F5D932909897}
		{65607BE8-5E6C-4CF6-8C84-0B93507367B7} = {65607BE8-5E6C-4CF6-8C84-0B93507367B7}
	EndProjectSection
EndProject
Project("{8BC9CEB8-8B4A-11D0-8D11-00A0C91BC942}") = "ZERO_CHECK", "ZERO_CHECK.vcxproj", "{9396A824-2AA4-42DB-9C4A-F5D932909897}"
	ProjectSection(ProjectDependencies) = postProject
	EndProjectSection
EndProject
Project("{8BC9CEB8-8B4A-11D0-8D11-00A0C91BC942}") = "render", "render.vcxproj", "{65607BE8-5E6C-4CF6-8C84-0B93507367B7}"
	ProjectSection(ProjectDependencies) = postProject
		{9396A824-2AA4-42DB-9C4A-F5D932909897} = {9396A824-2AA4-42DB-9C4A-F5D932909897}
	EndProjectSection
EndProject
Global
	GlobalSection(SolutionConfigurationPlatforms) = preSolution
		Debug|Win32 = Debug|Win32
		Release|Win32 = Release|Win32
		MinSizeRel|Win32 = MinSizeRel|Win32
		RelWithDebInfo|Win32 = RelWithDebInfo|Win32
	EndGlobalSection
	GlobalSection(ProjectConfigurationPlatforms) = postSolution
		{FE65EFAA-BF24-48F3-8719-BC1A46BA02EB}.Debug|Win32.ActiveCfg = Debug|Win32
		{FE65EFAA-BF24-48F3-8719-BC1A46BA02EB}.Release|Win32.ActiveCfg = Release|Win32
		{FE65EFAA-BF24-48F3-8719-BC1A46BA02EB}.MinSizeRel|Win32.ActiveCfg = MinSizeRel|Win32
		{FE65EFAA-BF24-48F3-8719-BC1A46BA02EB}.RelWithDebInfo|Win32.ActiveCfg = RelWithDebInfo|Win32
		{9396A824-2AA4-42DB-9C4A-F5D932909897}.Debug|Win32.ActiveCfg = Debug|Win32
		{9396A824-2AA4-42DB-9C4A-F5D932909897}.Debug|Win32.Build.0 = Debug|Win32
		{9396A824-2AA4-42DB-9C4A-F5D932909897}.Release|Win32.ActiveCfg = Release|Win32
		{9396A824-2AA4-42DB-9C4A-F5D932909897}.Release|Win32.Build.0 = Release|Win32
		{9396A824-2AA4-42DB-9C4A-F5D932909897}.MinSizeRel|Win32.ActiveCfg = MinSizeRel|Win32
		{9396A824-2AA4-42DB-9C4A-F5D932909897}.MinSizeRel|Win32.Build.0 = MinSizeRel|Win32
		{9396A824-2AA4-42DB-9C4A-F5D932909897}.RelWithDebInfo|Win32.ActiveCfg = RelWithDebInfo|Win32
		{9396A824-2AA4-42DB-9C4A-F5D932909897}.RelWithDebInfo|Win32.Build.0 = RelWithDebInfo|Win32
		{65607BE8-5E6C-4CF6-8C84-0B93507367B7}.Debug|Win32.ActiveCfg = Debug|Win32
		{65607BE8-5E6C-4CF6-8C84-0B93507367B7}.Debug|Win32.Build.0 = Debug|Win32
		{65607BE8-5E6C-4CF6-8C84-0B93507367B7}.Release|Win32.ActiveCfg = Release|Win32
		{65607BE8-5E6C-4CF6-8C84-0B93507367B7}.Release|Win32.Build.0 = Release|Win32
		{65607BE8-5E6C-4CF6-8C84-0B93507367B7}.MinSizeRel|Win32.ActiveCfg = MinSizeRel|Win32
		{65607BE8-5E6C-4CF6-8C84-0B93507367B7}.MinSizeRel|Win32.Build.0 = MinSizeRel|Win32
		{65607BE8-5E6C-4CF6-8C84-0B93507367B7}.RelWithDebInfo|Win32.ActiveCfg = RelWithDebInfo|Win32
		{65607BE8-5E6C-4CF6-8C84-0B93507367B7}.RelWithDebInfo|Win32.Build.0 = RelWithDebInfo|Win32
	EndGlobalSection
	GlobalSection(ExtensibilityGlobals) = postSolution
	EndGlobalSection
	GlobalSection(ExtensibilityAddIns) = postSolution
	EndGlobalSection
EndGlobal
