<?xml version="1.0" encoding="utf-8"?>
<Project ToolsVersion="12.0" xmlns="http://schemas.microsoft.com/developer/msbuild/2003">
  <ItemGroup>
    <ClCompile Include="C:\Users\Andrew\Documents\GitHub\AdvGraphicsProject\ShadowSamples\src\main.cpp">
      <Filter>Source Files</Filter>
    </ClCompile>
    <ClCompile Include="C:\Users\Andrew\Documents\GitHub\AdvGraphicsProject\ShadowSamples\src\camera.cpp">
      <Filter>Source Files</Filter>
    </ClCompile>
    <ClCompile Include="C:\Users\Andrew\Documents\GitHub\AdvGraphicsProject\ShadowSamples\src\glCanvas.cpp">
      <Filter>Source Files</Filter>
    </ClCompile>
    <ClCompile Include="C:\Users\Andrew\Documents\GitHub\AdvGraphicsProject\ShadowSamples\src\mesh.cpp">
      <Filter>Source Files</Filter>
    </ClCompile>
    <ClCompile Include="C:\Users\Andrew\Documents\GitHub\AdvGraphicsProject\ShadowSamples\src\edge.cpp">
      <Filter>Source Files</Filter>
    </ClCompile>
    <ClCompile Include="C:\Users\Andrew\Documents\GitHub\AdvGraphicsProject\ShadowSamples\src\radiosity.cpp">
      <Filter>Source Files</Filter>
    </ClCompile>
    <ClCompile Include="C:\Users\Andrew\Documents\GitHub\AdvGraphicsProject\ShadowSamples\src\face.cpp">
      <Filter>Source Files</Filter>
    </ClCompile>
    <ClCompile Include="C:\Users\Andrew\Documents\GitHub\AdvGraphicsProject\ShadowSamples\src\raytree.cpp">
      <Filter>Source Files</Filter>
    </ClCompile>
    <ClCompile Include="C:\Users\Andrew\Documents\GitHub\AdvGraphicsProject\ShadowSamples\src\raytracer.cpp">
      <Filter>Source Files</Filter>
    </ClCompile>
    <ClCompile Include="C:\Users\Andrew\Documents\GitHub\AdvGraphicsProject\ShadowSamples\src\sphere.cpp">
      <Filter>Source Files</Filter>
    </ClCompile>
    <ClCompile Include="C:\Users\Andrew\Documents\GitHub\AdvGraphicsProject\ShadowSamples\src\cylinder_ring.cpp">
      <Filter>Source Files</Filter>
    </ClCompile>
    <ClCompile Include="C:\Users\Andrew\Documents\GitHub\AdvGraphicsProject\ShadowSamples\src\material.cpp">
      <Filter>Source Files</Filter>
    </ClCompile>
    <ClCompile Include="C:\Users\Andrew\Documents\GitHub\AdvGraphicsProject\ShadowSamples\src\image.cpp">
      <Filter>Source Files</Filter>
    </ClCompile>
    <ClCompile Include="C:\Users\Andrew\Documents\GitHub\AdvGraphicsProject\ShadowSamples\src\photon_mapping.cpp">
      <Filter>Source Files</Filter>
    </ClCompile>
    <ClCompile Include="C:\Users\Andrew\Documents\GitHub\AdvGraphicsProject\ShadowSamples\src\kdtree.cpp">
      <Filter>Source Files</Filter>
    </ClCompile>
    <ClCompile Include="C:\Users\Andrew\Documents\GitHub\AdvGraphicsProject\ShadowSamples\src\boundingbox.cpp">
      <Filter>Source Files</Filter>
    </ClCompile>
    <ClCompile Include="C:\Users\Andrew\Documents\GitHub\AdvGraphicsProject\ShadowSamples\src\utils.cpp">
      <Filter>Source Files</Filter>
    </ClCompile>
  </ItemGroup>
  <ItemGroup>
    <ClInclude Include="C:\Users\Andrew\Documents\GitHub\AdvGraphicsProject\ShadowSamples\src\MersenneTwister.h">
      <Filter>Header Files</Filter>
    </ClInclude>
    <ClInclude Include="C:\Users\Andrew\Documents\GitHub\AdvGraphicsProject\ShadowSamples\src\argparser.h">
      <Filter>Header Files</Filter>
    </ClInclude>
    <ClInclude Include="C:\Users\Andrew\Documents\GitHub\AdvGraphicsProject\ShadowSamples\src\boundingbox.h">
      <Filter>Header Files</Filter>
    </ClInclude>
    <ClInclude Include="C:\Users\Andrew\Documents\GitHub\AdvGraphicsProject\ShadowSamples\src\camera.h">
      <Filter>Header Files</Filter>
    </ClInclude>
    <ClInclude Include="C:\Users\Andrew\Documents\GitHub\AdvGraphicsProject\ShadowSamples\src\cylinder_ring.h">
      <Filter>Header Files</Filter>
    </ClInclude>
    <ClInclude Include="C:\Users\Andrew\Documents\GitHub\AdvGraphicsProject\ShadowSamples\src\edge.h">
      <Filter>Header Files</Filter>
    </ClInclude>
    <ClInclude Include="C:\Users\Andrew\Documents\GitHub\AdvGraphicsProject\ShadowSamples\src\face.h">
      <Filter>Header Files</Filter>
    </ClInclude>
    <ClInclude Include="C:\Users\Andrew\Documents\GitHub\AdvGraphicsProject\ShadowSamples\src\glCanvas.h">
      <Filter>Header Files</Filter>
    </ClInclude>
    <ClInclude Include="C:\Users\Andrew\Documents\GitHub\AdvGraphicsProject\ShadowSamples\src\hash.h">
      <Filter>Header Files</Filter>
    </ClInclude>
    <ClInclude Include="C:\Users\Andrew\Documents\GitHub\AdvGraphicsProject\ShadowSamples\src\hit.h">
      <Filter>Header Files</Filter>
    </ClInclude>
    <ClInclude Include="C:\Users\Andrew\Documents\GitHub\AdvGraphicsProject\ShadowSamples\src\image.h">
      <Filter>Header Files</Filter>
    </ClInclude>
    <ClInclude Include="C:\Users\Andrew\Documents\GitHub\AdvGraphicsProject\ShadowSamples\src\kdtree.h">
      <Filter>Header Files</Filter>
    </ClInclude>
    <ClInclude Include="C:\Users\Andrew\Documents\GitHub\AdvGraphicsProject\ShadowSamples\src\material.h">
      <Filter>Header Files</Filter>
    </ClInclude>
    <ClInclude Include="C:\Users\Andrew\Documents\GitHub\AdvGraphicsProject\ShadowSamples\src\mesh.h">
      <Filter>Header Files</Filter>
    </ClInclude>
    <ClInclude Include="C:\Users\Andrew\Documents\GitHub\AdvGraphicsProject\ShadowSamples\src\photon.h">
      <Filter>Header Files</Filter>
    </ClInclude>
    <ClInclude Include="C:\Users\Andrew\Documents\GitHub\AdvGraphicsProject\ShadowSamples\src\photon_mapping.h">
      <Filter>Header Files</Filter>
    </ClInclude>
    <ClInclude Include="C:\Users\Andrew\Documents\GitHub\AdvGraphicsProject\ShadowSamples\src\primitive.h">
      <Filter>Header Files</Filter>
    </ClInclude>
    <ClInclude Include="C:\Users\Andrew\Documents\GitHub\AdvGraphicsProject\ShadowSamples\src\radiosity.h">
      <Filter>Header Files</Filter>
    </ClInclude>
    <ClInclude Include="C:\Users\Andrew\Documents\GitHub\AdvGraphicsProject\ShadowSamples\src\ray.h">
      <Filter>Header Files</Filter>
    </ClInclude>
    <ClInclude Include="C:\Users\Andrew\Documents\GitHub\AdvGraphicsProject\ShadowSamples\src\raytracer.h">
      <Filter>Header Files</Filter>
    </ClInclude>
    <ClInclude Include="C:\Users\Andrew\Documents\GitHub\AdvGraphicsProject\ShadowSamples\src\raytree.h">
      <Filter>Header Files</Filter>
    </ClInclude>
    <ClInclude Include="C:\Users\Andrew\Documents\GitHub\AdvGraphicsProject\ShadowSamples\src\sphere.h">
      <Filter>Header Files</Filter>
    </ClInclude>
    <ClInclude Include="C:\Users\Andrew\Documents\GitHub\AdvGraphicsProject\ShadowSamples\src\utils.h">
      <Filter>Header Files</Filter>
    </ClInclude>
    <ClInclude Include="C:\Users\Andrew\Documents\GitHub\AdvGraphicsProject\ShadowSamples\src\vertex.h">
      <Filter>Header Files</Filter>
    </ClInclude>
  </ItemGroup>
  <ItemGroup>
    <CustomBuild Include="C:\Users\Andrew\Documents\GitHub\AdvGraphicsProject\ShadowSamples\src\CMakeLists.txt" />
  </ItemGroup>
  <ItemGroup>
    <Filter Include="Source Files">
      <UniqueIdentifier>{92B32F7C-6860-48DF-BE09-F1585882E389}</UniqueIdentifier>
    </Filter>
    <Filter Include="Header Files">
      <UniqueIdentifier>{9073364D-4798-4BCC-A515-575A07C1B88F}</UniqueIdentifier>
    </Filter>
  </ItemGroup>
</Project>
