<?xml version="1.0" encoding="utf-8"?>
<Project ToolsVersion="12.0" xmlns="http://schemas.microsoft.com/developer/msbuild/2003">
  <ItemGroup>
    <ClCompile Include="C:\Users\Andrew\Documents\GitHub\AdvGraphicsProject\Original Project\src\main.cpp">
      <Filter>Source Files</Filter>
    </ClCompile>
    <ClCompile Include="C:\Users\Andrew\Documents\GitHub\AdvGraphicsProject\Original Project\src\camera.cpp">
      <Filter>Source Files</Filter>
    </ClCompile>
    <ClCompile Include="C:\Users\Andrew\Documents\GitHub\AdvGraphicsProject\Original Project\src\glCanvas.cpp">
      <Filter>Source Files</Filter>
    </ClCompile>
    <ClCompile Include="C:\Users\Andrew\Documents\GitHub\AdvGraphicsProject\Original Project\src\mesh.cpp">
      <Filter>Source Files</Filter>
    </ClCompile>
    <ClCompile Include="C:\Users\Andrew\Documents\GitHub\AdvGraphicsProject\Original Project\src\edge.cpp">
      <Filter>Source Files</Filter>
    </ClCompile>
    <ClCompile Include="C:\Users\Andrew\Documents\GitHub\AdvGraphicsProject\Original Project\src\radiosity.cpp">
      <Filter>Source Files</Filter>
    </ClCompile>
    <ClCompile Include="C:\Users\Andrew\Documents\GitHub\AdvGraphicsProject\Original Project\src\face.cpp">
      <Filter>Source Files</Filter>
    </ClCompile>
    <ClCompile Include="C:\Users\Andrew\Documents\GitHub\AdvGraphicsProject\Original Project\src\raytree.cpp">
      <Filter>Source Files</Filter>
    </ClCompile>
    <ClCompile Include="C:\Users\Andrew\Documents\GitHub\AdvGraphicsProject\Original Project\src\raytracer.cpp">
      <Filter>Source Files</Filter>
    </ClCompile>
    <ClCompile Include="C:\Users\Andrew\Documents\GitHub\AdvGraphicsProject\Original Project\src\sphere.cpp">
      <Filter>Source Files</Filter>
    </ClCompile>
    <ClCompile Include="C:\Users\Andrew\Documents\GitHub\AdvGraphicsProject\Original Project\src\cylinder_ring.cpp">
      <Filter>Source Files</Filter>
    </ClCompile>
    <ClCompile Include="C:\Users\Andrew\Documents\GitHub\AdvGraphicsProject\Original Project\src\material.cpp">
      <Filter>Source Files</Filter>
    </ClCompile>
    <ClCompile Include="C:\Users\Andrew\Documents\GitHub\AdvGraphicsProject\Original Project\src\image.cpp">
      <Filter>Source Files</Filter>
    </ClCompile>
    <ClCompile Include="C:\Users\Andrew\Documents\GitHub\AdvGraphicsProject\Original Project\src\photon_mapping.cpp">
      <Filter>Source Files</Filter>
    </ClCompile>
    <ClCompile Include="C:\Users\Andrew\Documents\GitHub\AdvGraphicsProject\Original Project\src\kdtree.cpp">
      <Filter>Source Files</Filter>
    </ClCompile>
    <ClCompile Include="C:\Users\Andrew\Documents\GitHub\AdvGraphicsProject\Original Project\src\boundingbox.cpp">
      <Filter>Source Files</Filter>
    </ClCompile>
    <ClCompile Include="C:\Users\Andrew\Documents\GitHub\AdvGraphicsProject\Original Project\src\utils.cpp">
      <Filter>Source Files</Filter>
    </ClCompile>
  </ItemGroup>
  <ItemGroup>
    <ClInclude Include="C:\Users\Andrew\Documents\GitHub\AdvGraphicsProject\Original Project\src\MersenneTwister.h">
      <Filter>Header Files</Filter>
    </ClInclude>
    <ClInclude Include="C:\Users\Andrew\Documents\GitHub\AdvGraphicsProject\Original Project\src\argparser.h">
      <Filter>Header Files</Filter>
    </ClInclude>
    <ClInclude Include="C:\Users\Andrew\Documents\GitHub\AdvGraphicsProject\Original Project\src\boundingbox.h">
      <Filter>Header Files</Filter>
    </ClInclude>
    <ClInclude Include="C:\Users\Andrew\Documents\GitHub\AdvGraphicsProject\Original Project\src\camera.h">
      <Filter>Header Files</Filter>
    </ClInclude>
    <ClInclude Include="C:\Users\Andrew\Documents\GitHub\AdvGraphicsProject\Original Project\src\cylinder_ring.h">
      <Filter>Header Files</Filter>
    </ClInclude>
    <ClInclude Include="C:\Users\Andrew\Documents\GitHub\AdvGraphicsProject\Original Project\src\edge.h">
      <Filter>Header Files</Filter>
    </ClInclude>
    <ClInclude Include="C:\Users\Andrew\Documents\GitHub\AdvGraphicsProject\Original Project\src\face.h">
      <Filter>Header Files</Filter>
    </ClInclude>
    <ClInclude Include="C:\Users\Andrew\Documents\GitHub\AdvGraphicsProject\Original Project\src\glCanvas.h">
      <Filter>Header Files</Filter>
    </ClInclude>
    <ClInclude Include="C:\Users\Andrew\Documents\GitHub\AdvGraphicsProject\Original Project\src\hash.h">
      <Filter>Header Files</Filter>
    </ClInclude>
    <ClInclude Include="C:\Users\Andrew\Documents\GitHub\AdvGraphicsProject\Original Project\src\hit.h">
      <Filter>Header Files</Filter>
    </ClInclude>
    <ClInclude Include="C:\Users\Andrew\Documents\GitHub\AdvGraphicsProject\Original Project\src\image.h">
      <Filter>Header Files</Filter>
    </ClInclude>
    <ClInclude Include="C:\Users\Andrew\Documents\GitHub\AdvGraphicsProject\Original Project\src\kdtree.h">
      <Filter>Header Files</Filter>
    </ClInclude>
    <ClInclude Include="C:\Users\Andrew\Documents\GitHub\AdvGraphicsProject\Original Project\src\material.h">
      <Filter>Header Files</Filter>
    </ClInclude>
    <ClInclude Include="C:\Users\Andrew\Documents\GitHub\AdvGraphicsProject\Original Project\src\mesh.h">
      <Filter>Header Files</Filter>
    </ClInclude>
    <ClInclude Include="C:\Users\Andrew\Documents\GitHub\AdvGraphicsProject\Original Project\src\photon.h">
      <Filter>Header Files</Filter>
    </ClInclude>
    <ClInclude Include="C:\Users\Andrew\Documents\GitHub\AdvGraphicsProject\Original Project\src\photon_mapping.h">
      <Filter>Header Files</Filter>
    </ClInclude>
    <ClInclude Include="C:\Users\Andrew\Documents\GitHub\AdvGraphicsProject\Original Project\src\primitive.h">
      <Filter>Header Files</Filter>
    </ClInclude>
    <ClInclude Include="C:\Users\Andrew\Documents\GitHub\AdvGraphicsProject\Original Project\src\radiosity.h">
      <Filter>Header Files</Filter>
    </ClInclude>
    <ClInclude Include="C:\Users\Andrew\Documents\GitHub\AdvGraphicsProject\Original Project\src\ray.h">
      <Filter>Header Files</Filter>
    </ClInclude>
    <ClInclude Include="C:\Users\Andrew\Documents\GitHub\AdvGraphicsProject\Original Project\src\raytracer.h">
      <Filter>Header Files</Filter>
    </ClInclude>
    <ClInclude Include="C:\Users\Andrew\Documents\GitHub\AdvGraphicsProject\Original Project\src\raytree.h">
      <Filter>Header Files</Filter>
    </ClInclude>
    <ClInclude Include="C:\Users\Andrew\Documents\GitHub\AdvGraphicsProject\Original Project\src\sphere.h">
      <Filter>Header Files</Filter>
    </ClInclude>
    <ClInclude Include="C:\Users\Andrew\Documents\GitHub\AdvGraphicsProject\Original Project\src\utils.h">
      <Filter>Header Files</Filter>
    </ClInclude>
    <ClInclude Include="C:\Users\Andrew\Documents\GitHub\AdvGraphicsProject\Original Project\src\vertex.h">
      <Filter>Header Files</Filter>
    </ClInclude>
  </ItemGroup>
  <ItemGroup>
    <CustomBuild Include="C:\Users\Andrew\Documents\GitHub\AdvGraphicsProject\Original Project\src\CMakeLists.txt" />
  </ItemGroup>
  <ItemGroup>
    <Filter Include="Source Files">
      <UniqueIdentifier>{10DAECF8-F66F-4D6B-94F1-084B4DBBCCD4}</UniqueIdentifier>
    </Filter>
    <Filter Include="Header Files">
      <UniqueIdentifier>{855E3D8C-CFFD-4670-846A-4BCC4636B76A}</UniqueIdentifier>
    </Filter>
  </ItemGroup>
</Project>
